// !$*UTF8*$!
{
	archiveVersion = 1;
	classes = {
	};
	objectVersion = 46;
	objects = {

/* Begin PBXBuildFile section */
		1250C9B31DEE052A00283658 /* pokemon.csv in Resources */ = {isa = PBXBuildFile; fileRef = 1250C9B21DEE052A00283658 /* pokemon.csv */; };
		1250C9B81DEE05ED00283658 /* Pokemon.swift in Sources */ = {isa = PBXBuildFile; fileRef = 1250C9B71DEE05ED00283658 /* Pokemon.swift */; };
		1250C9BA1DEF4C0800283658 /* PokeCell.swift in Sources */ = {isa = PBXBuildFile; fileRef = 1250C9B91DEF4C0800283658 /* PokeCell.swift */; };
		127E60971DEDF9A4000BFFE8 /* AppDelegate.swift in Sources */ = {isa = PBXBuildFile; fileRef = 127E60961DEDF9A4000BFFE8 /* AppDelegate.swift */; };
		127E60991DEDF9A4000BFFE8 /* ViewController.swift in Sources */ = {isa = PBXBuildFile; fileRef = 127E60981DEDF9A4000BFFE8 /* ViewController.swift */; };
		127E609C1DEDF9A4000BFFE8 /* Main.storyboard in Resources */ = {isa = PBXBuildFile; fileRef = 127E609A1DEDF9A4000BFFE8 /* Main.storyboard */; };
		127E609E1DEDF9A4000BFFE8 /* Assets.xcassets in Resources */ = {isa = PBXBuildFile; fileRef = 127E609D1DEDF9A4000BFFE8 /* Assets.xcassets */; };
		127E60A11DEDF9A4000BFFE8 /* LaunchScreen.storyboard in Resources */ = {isa = PBXBuildFile; fileRef = 127E609F1DEDF9A4000BFFE8 /* LaunchScreen.storyboard */; };
/* End PBXBuildFile section */

/* Begin PBXFileReference section */
		1250C9B21DEE052A00283658 /* pokemon.csv */ = {isa = PBXFileReference; fileEncoding = 4; lastKnownFileType = text; path = pokemon.csv; sourceTree = "<group>"; };
		1250C9B71DEE05ED00283658 /* Pokemon.swift */ = {isa = PBXFileReference; fileEncoding = 4; lastKnownFileType = sourcecode.swift; path = Pokemon.swift; sourceTree = "<group>"; };
		1250C9B91DEF4C0800283658 /* PokeCell.swift */ = {isa = PBXFileReference; fileEncoding = 4; lastKnownFileType = sourcecode.swift; path = PokeCell.swift; sourceTree = "<group>"; };
		127E60931DEDF9A4000BFFE8 /* Pokedex.app */ = {isa = PBXFileReference; explicitFileType = wrapper.application; includeInIndex = 0; path = Pokedex.app; sourceTree = BUILT_PRODUCTS_DIR; };
		127E60961DEDF9A4000BFFE8 /* AppDelegate.swift */ = {isa = PBXFileReference; lastKnownFileType = sourcecode.swift; path = AppDelegate.swift; sourceTree = "<group>"; };
		127E60981DEDF9A4000BFFE8 /* ViewController.swift */ = {isa = PBXFileReference; lastKnownFileType = sourcecode.swift; path = ViewController.swift; sourceTree = "<group>"; };
		127E609B1DEDF9A4000BFFE8 /* Base */ = {isa = PBXFileReference; lastKnownFileType = file.storyboard; name = Base; path = Base.lproj/Main.storyboard; sourceTree = "<group>"; };
		127E609D1DEDF9A4000BFFE8 /* Assets.xcassets */ = {isa = PBXFileReference; lastKnownFileType = folder.assetcatalog; path = Assets.xcassets; sourceTree = "<group>"; };
		127E60A01DEDF9A4000BFFE8 /* Base */ = {isa = PBXFileReference; lastKnownFileType = file.storyboard; name = Base; path = Base.lproj/LaunchScreen.storyboard; sourceTree = "<group>"; };
		127E60A21DEDF9A4000BFFE8 /* Info.plist */ = {isa = PBXFileReference; lastKnownFileType = text.plist.xml; path = Info.plist; sourceTree = "<group>"; };
/* End PBXFileReference section */

/* Begin PBXFrameworksBuildPhase section */
		127E60901DEDF9A3000BFFE8 /* Frameworks */ = {
			isa = PBXFrameworksBuildPhase;
			buildActionMask = 2147483647;
			files = (
			);
			runOnlyForDeploymentPostprocessing = 0;
		};
/* End PBXFrameworksBuildPhase section */

/* Begin PBXGroup section */
		1250C9B41DEE05B200283658 /* Model */ = {
			isa = PBXGroup;
			children = (
				1250C9B71DEE05ED00283658 /* Pokemon.swift */,
			);
			name = Model;
			sourceTree = "<group>";
		};
		1250C9B51DEE05B800283658 /* View */ = {
			isa = PBXGroup;
			children = (
				1250C9B91DEF4C0800283658 /* PokeCell.swift */,
			);
			name = View;
			sourceTree = "<group>";
		};
		1250C9B61DEE05BD00283658 /* Controller */ = {
			isa = PBXGroup;
			children = (
				127E60981DEDF9A4000BFFE8 /* ViewController.swift */,
			);
			name = Controller;
			sourceTree = "<group>";
		};
		127E608A1DEDF9A3000BFFE8 = {
			isa = PBXGroup;
			children = (
				127E60951DEDF9A4000BFFE8 /* Pokedex */,
				127E60941DEDF9A4000BFFE8 /* Products */,
			);
			sourceTree = "<group>";
		};
		127E60941DEDF9A4000BFFE8 /* Products */ = {
			isa = PBXGroup;
			children = (
				127E60931DEDF9A4000BFFE8 /* Pokedex.app */,
			);
			name = Products;
			sourceTree = "<group>";
		};
		127E60951DEDF9A4000BFFE8 /* Pokedex */ = {
			isa = PBXGroup;
			children = (
				1250C9B41DEE05B200283658 /* Model */,
				1250C9B51DEE05B800283658 /* View */,
				1250C9B61DEE05BD00283658 /* Controller */,
				127E60961DEDF9A4000BFFE8 /* AppDelegate.swift */,
				127E609A1DEDF9A4000BFFE8 /* Main.storyboard */,
				127E609D1DEDF9A4000BFFE8 /* Assets.xcassets */,
				1250C9B21DEE052A00283658 /* pokemon.csv */,
				127E609F1DEDF9A4000BFFE8 /* LaunchScreen.storyboard */,
				127E60A21DEDF9A4000BFFE8 /* Info.plist */,
			);
			path = Pokedex;
			sourceTree = "<group>";
		};
/* End PBXGroup section */

/* Begin PBXNativeTarget section */
		127E60921DEDF9A3000BFFE8 /* Pokedex */ = {
			isa = PBXNativeTarget;
			buildConfigurationList = 127E60A51DEDF9A4000BFFE8 /* Build configuration list for PBXNativeTarget "Pokedex" */;
			buildPhases = (
				127E608F1DEDF9A3000BFFE8 /* Sources */,
				127E60901DEDF9A3000BFFE8 /* Frameworks */,
				127E60911DEDF9A3000BFFE8 /* Resources */,
			);
			buildRules = (
			);
			dependencies = (
			);
			name = Pokedex;
			productName = Pokedex;
			productReference = 127E60931DEDF9A4000BFFE8 /* Pokedex.app */;
			productType = "com.apple.product-type.application";
		};
/* End PBXNativeTarget section */

/* Begin PBXProject section */
		127E608B1DEDF9A3000BFFE8 /* Project object */ = {
			isa = PBXProject;
			attributes = {
				LastSwiftUpdateCheck = 0810;
				LastUpgradeCheck = 0810;
				ORGANIZATIONNAME = "ACME Labs";
				TargetAttributes = {
					127E60921DEDF9A3000BFFE8 = {
						CreatedOnToolsVersion = 8.1;
						DevelopmentTeam = 8DD4C7KK4P;
						ProvisioningStyle = Automatic;
					};
				};
			};
			buildConfigurationList = 127E608E1DEDF9A3000BFFE8 /* Build configuration list for PBXProject "Pokedex" */;
			compatibilityVersion = "Xcode 3.2";
			developmentRegion = English;
			hasScannedForEncodings = 0;
			knownRegions = (
				en,
				Base,
			);
			mainGroup = 127E608A1DEDF9A3000BFFE8;
			productRefGroup = 127E60941DEDF9A4000BFFE8 /* Products */;
			projectDirPath = "";
			projectRoot = "";
			targets = (
				127E60921DEDF9A3000BFFE8 /* Pokedex */,
			);
		};
/* End PBXProject section */

/* Begin PBXResourcesBuildPhase section */
		127E60911DEDF9A3000BFFE8 /* Resources */ = {
			isa = PBXResourcesBuildPhase;
			buildActionMask = 2147483647;
			files = (
				127E60A11DEDF9A4000BFFE8 /* LaunchScreen.storyboard in Resources */,
				127E609E1DEDF9A4000BFFE8 /* Assets.xcassets in Resources */,
				1250C9B31DEE052A00283658 /* pokemon.csv in Resources */,
				127E609C1DEDF9A4000BFFE8 /* Main.storyboard in Resources */,
			);
			runOnlyForDeploymentPostprocessing = 0;
		};
/* End PBXResourcesBuildPhase section */

/* Begin PBXSourcesBuildPhase section */
		127E608F1DEDF9A3000BFFE8 /* Sources */ = {
			isa = PBXSourcesBuildPhase;
			buildActionMask = 2147483647;
			files = (
				1250C9BA1DEF4C0800283658 /* PokeCell.swift in Sources */,
				127E60991DEDF9A4000BFFE8 /* ViewController.swift in Sources */,
				127E60971DEDF9A4000BFFE8 /* AppDelegate.swift in Sources */,
				1250C9B81DEE05ED00283658 /* Pokemon.swift in Sources */,
			);
			runOnlyForDeploymentPostprocessing = 0;
		};
/* End PBXSourcesBuildPhase section */

/* Begin PBXVariantGroup section */
		127E609A1DEDF9A4000BFFE8 /* Main.storyboard */ = {
			isa = PBXVariantGroup;
			children = (
				127E609B1DEDF9A4000BFFE8 /* Base */,
			);
			name = Main.storyboard;
			sourceTree = "<group>";
		};
		127E609F1DEDF9A4000BFFE8 /* LaunchScreen.storyboard */ = {
			isa = PBXVariantGroup;
			children = (
				127E60A01DEDF9A4000BFFE8 /* Base */,
			);
			name = LaunchScreen.storyboard;
			sourceTree = "<group>";
		};
/* End PBXVariantGroup section */

/* Begin XCBuildConfiguration section */
		127E60A31DEDF9A4000BFFE8 /* Debug */ = {
			isa = XCBuildConfiguration;
			buildSettings = {
				ALWAYS_SEARCH_USER_PATHS = NO;
				CLANG_ANALYZER_NONNULL = YES;
				CLANG_CXX_LANGUAGE_STANDARD = "gnu++0x";
				CLANG_CXX_LIBRARY = "libc++";
				CLANG_ENABLE_MODULES = YES;
				CLANG_ENABLE_OBJC_ARC = YES;
				CLANG_WARN_BOOL_CONVERSION = YES;
				CLANG_WARN_CONSTANT_CONVERSION = YES;
				CLANG_WARN_DIRECT_OBJC_ISA_USAGE = YES_ERROR;
				CLANG_WARN_DOCUMENTATION_COMMENTS = YES;
				CLANG_WARN_EMPTY_BODY = YES;
				CLANG_WARN_ENUM_CONVERSION = YES;
				CLANG_WARN_INFINITE_RECURSION = YES;
				CLANG_WARN_INT_CONVERSION = YES;
				CLANG_WARN_OBJC_ROOT_CLASS = YES_ERROR;
				CLANG_WARN_SUSPICIOUS_MOVES = YES;
				CLANG_WARN_UNREACHABLE_CODE = YES;
				CLANG_WARN__DUPLICATE_METHOD_MATCH = YES;
				"CODE_SIGN_IDENTITY[sdk=iphoneos*]" = "iPhone Developer";
				COPY_PHASE_STRIP = NO;
				DEBUG_INFORMATION_FORMAT = dwarf;
				ENABLE_STRICT_OBJC_MSGSEND = YES;
				ENABLE_TESTABILITY = YES;
				GCC_C_LANGUAGE_STANDARD = gnu99;
				GCC_DYNAMIC_NO_PIC = NO;
				GCC_NO_COMMON_BLOCKS = YES;
				GCC_OPTIMIZATION_LEVEL = 0;
				GCC_PREPROCESSOR_DEFINITIONS = (
					"DEBUG=1",
					"$(inherited)",
				);
				GCC_WARN_64_TO_32_BIT_CONVERSION = YES;
				GCC_WARN_ABOUT_RETURN_TYPE = YES_ERROR;
				GCC_WARN_UNDECLARED_SELECTOR = YES;
				GCC_WARN_UNINITIALIZED_AUTOS = YES_AGGRESSIVE;
				GCC_WARN_UNUSED_FUNCTION = YES;
				GCC_WARN_UNUSED_VARIABLE = YES;
				IPHONEOS_DEPLOYMENT_TARGET = 10.1;
				MTL_ENABLE_DEBUG_INFO = YES;
				ONLY_ACTIVE_ARCH = YES;
				SDKROOT = iphoneos;
				SWIFT_ACTIVE_COMPILATION_CONDITIONS = DEBUG;
				SWIFT_OPTIMIZATION_LEVEL = "-Onone";
				TARGETED_DEVICE_FAMILY = "1,2";
			};
			name = Debug;
		};
		127E60A41DEDF9A4000BFFE8 /* Release */ = {
			isa = XCBuildConfiguration;
			buildSettings = {
				ALWAYS_SEARCH_USER_PATHS = NO;
				CLANG_ANALYZER_NONNULL = YES;
				CLANG_CXX_LANGUAGE_STANDARD = "gnu++0x";
				CLANG_CXX_LIBRARY = "libc++";
				CLANG_ENABLE_MODULES = YES;
				CLANG_ENABLE_OBJC_ARC = YES;
				CLANG_WARN_BOOL_CONVERSION = YES;
				CLANG_WARN_CONSTANT_CONVERSION = YES;
				CLANG_WARN_DIRECT_OBJC_ISA_USAGE = YES_ERROR;
				CLANG_WARN_DOCUMENTATION_COMMENTS = YES;
				CLANG_WARN_EMPTY_BODY = YES;
				CLANG_WARN_ENUM_CONVERSION = YES;
				CLANG_WARN_INFINITE_RECURSION = YES;
				CLANG_WARN_INT_CONVERSION = YES;
				CLANG_WARN_OBJC_ROOT_CLASS = YES_ERROR;
				CLANG_WARN_SUSPICIOUS_MOVES = YES;
				CLANG_WARN_UNREACHABLE_CODE = YES;
				CLANG_WARN__DUPLICATE_METHOD_MATCH = YES;
				"CODE_SIGN_IDENTITY[sdk=iphoneos*]" = "iPhone Developer";
				COPY_PHASE_STRIP = NO;
				DEBUG_INFORMATION_FORMAT = "dwarf-with-dsym";
				ENABLE_NS_ASSERTIONS = NO;
				ENABLE_STRICT_OBJC_MSGSEND = YES;
				GCC_C_LANGUAGE_STANDARD = gnu99;
				GCC_NO_COMMON_BLOCKS = YES;
				GCC_WARN_64_TO_32_BIT_CONVERSION = YES;
				GCC_WARN_ABOUT_RETURN_TYPE = YES_ERROR;
				GCC_WARN_UNDECLARED_SELECTOR = YES;
				GCC_WARN_UNINITIALIZED_AUTOS = YES_AGGRESSIVE;
				GCC_WARN_UNUSED_FUNCTION = YES;
				GCC_WARN_UNUSED_VARIABLE = YES;
				IPHONEOS_DEPLOYMENT_TARGET = 10.1;
				MTL_ENABLE_DEBUG_INFO = NO;
				SDKROOT = iphoneos;
				SWIFT_OPTIMIZATION_LEVEL = "-Owholemodule";
				TARGETED_DEVICE_FAMILY = "1,2";
				VALIDATE_PRODUCT = YES;
			};
			name = Release;
		};
		127E60A61DEDF9A4000BFFE8 /* Debug */ = {
			isa = XCBuildConfiguration;
			buildSettings = {
				ASSETCATALOG_COMPILER_APPICON_NAME = AppIcon;
				DEVELOPMENT_TEAM = 8DD4C7KK4P;
				INFOPLIST_FILE = Pokedex/Info.plist;
				LD_RUNPATH_SEARCH_PATHS = "$(inherited) @executable_path/Frameworks";
				PRODUCT_BUNDLE_IDENTIFIER = com.acmelabs.Pokedex;
				PRODUCT_NAME = "$(TARGET_NAME)";
				SWIFT_VERSION = 3.0;
			};
			name = Debug;
		};
		127E60A71DEDF9A4000BFFE8 /* Release */ = {
			isa = XCBuildConfiguration;
			buildSettings = {
				ASSETCATALOG_COMPILER_APPICON_NAME = AppIcon;
				DEVELOPMENT_TEAM = 8DD4C7KK4P;
				INFOPLIST_FILE = Pokedex/Info.plist;
				LD_RUNPATH_SEARCH_PATHS = "$(inherited) @executable_path/Frameworks";
				PRODUCT_BUNDLE_IDENTIFIER = com.acmelabs.Pokedex;
				PRODUCT_NAME = "$(TARGET_NAME)";
				SWIFT_VERSION = 3.0;
			};
			name = Release;
		};
/* End XCBuildConfiguration section */

/* Begin XCConfigurationList section */
		127E608E1DEDF9A3000BFFE8 /* Build configuration list for PBXProject "Pokedex" */ = {
			isa = XCConfigurationList;
			buildConfigurations = (
				127E60A31DEDF9A4000BFFE8 /* Debug */,
				127E60A41DEDF9A4000BFFE8 /* Release */,
			);
			defaultConfigurationIsVisible = 0;
			defaultConfigurationName = Release;
		};
		127E60A51DEDF9A4000BFFE8 /* Build configuration list for PBXNativeTarget "Pokedex" */ = {
			isa = XCConfigurationList;
			buildConfigurations = (
				127E60A61DEDF9A4000BFFE8 /* Debug */,
				127E60A71DEDF9A4000BFFE8 /* Release */,
			);
			defaultConfigurationIsVisible = 0;
			defaultConfigurationName = Release;
		};
/* End XCConfigurationList section */
	};
	rootObject = 127E608B1DEDF9A3000BFFE8 /* Project object */;
}
